
Microsoft Visual Studio Solution File, Format Version 12.00
# Visual Studio Version 16
VisualStudioVersion = 16.0.29709.97
MinimumVisualStudioVersion = 10.0.40219.1
Project("{FAE04EC0-301F-11D3-BF4B-00C04F79EFBC}") = "FATEC.APP", "FATEC.APP\FATEC.APP.csproj", "{79FBB5E0-5DBC-46A5-B3AA-DA14DE5C98FC}"
EndProject
Global
	GlobalSection(SolutionConfigurationPlatforms) = preSolution
		Debug|Any CPU = Debug|Any CPU
		Release|Any CPU = Release|Any CPU
	EndGlobalSection
	GlobalSection(ProjectConfigurationPlatforms) = postSolution
		{79FBB5E0-5DBC-46A5-B3AA-DA14DE5C98FC}.Debug|Any CPU.ActiveCfg = Debug|Any CPU
		{79FBB5E0-5DBC-46A5-B3AA-DA14DE5C98FC}.Debug|Any CPU.Build.0 = Debug|Any CPU
		{79FBB5E0-5DBC-46A5-B3AA-DA14DE5C98FC}.Release|Any CPU.ActiveCfg = Release|Any CPU
		{79FBB5E0-5DBC-46A5-B3AA-DA14DE5C98FC}.Release|Any CPU.Build.0 = Release|Any CPU
	EndGlobalSection
	GlobalSection(SolutionProperties) = preSolution
		HideSolutionNode = FALSE
	EndGlobalSection
	GlobalSection(ExtensibilityGlobals) = postSolution
		SolutionGuid = {FA14EBFB-93C2-40C4-A8E4-4CD2CB95149B}
	EndGlobalSection
EndGlobal
